
Microsoft Visual Studio Solution File, Format Version 12.00
# Visual Studio Version 16
VisualStudioVersion = 16.0.30907.101
MinimumVisualStudioVersion = 10.0.40219.1
Project("{9A19103F-16F7-4668-BE54-9A1E7A4F7556}") = "Natech.IpGeoFinder.Api", "Natech.IpGeoFinder.Api\Natech.IpGeoFinder.Api.csproj", "{1BCBF256-E24F-42F0-AB67-96959DACD49A}"
EndProject
Project("{9A19103F-16F7-4668-BE54-9A1E7A4F7556}") = "Natech.IpGeoFinder.DAL", "Natech.IpGeoFinder.DAL\Natech.IpGeoFinder.DAL.csproj", "{08F0231F-2478-4558-B583-7EEB84FDDB66}"
EndProject
Global
	GlobalSection(SolutionConfigurationPlatforms) = preSolution
		Debug|Any CPU = Debug|Any CPU
		Release|Any CPU = Release|Any CPU
	EndGlobalSection
	GlobalSection(ProjectConfigurationPlatforms) = postSolution
		{1BCBF256-E24F-42F0-AB67-96959DACD49A}.Debug|Any CPU.ActiveCfg = Debug|Any CPU
		{1BCBF256-E24F-42F0-AB67-96959DACD49A}.Debug|Any CPU.Build.0 = Debug|Any CPU
		{1BCBF256-E24F-42F0-AB67-96959DACD49A}.Release|Any CPU.ActiveCfg = Release|Any CPU
		{1BCBF256-E24F-42F0-AB67-96959DACD49A}.Release|Any CPU.Build.0 = Release|Any CPU
		{08F0231F-2478-4558-B583-7EEB84FDDB66}.Debug|Any CPU.ActiveCfg = Debug|Any CPU
		{08F0231F-2478-4558-B583-7EEB84FDDB66}.Debug|Any CPU.Build.0 = Debug|Any CPU
		{08F0231F-2478-4558-B583-7EEB84FDDB66}.Release|Any CPU.ActiveCfg = Release|Any CPU
		{08F0231F-2478-4558-B583-7EEB84FDDB66}.Release|Any CPU.Build.0 = Release|Any CPU
	EndGlobalSection
	GlobalSection(SolutionProperties) = preSolution
		HideSolutionNode = FALSE
	EndGlobalSection
	GlobalSection(ExtensibilityGlobals) = postSolution
		SolutionGuid = {BCCE8E86-AEA4-4E6E-945C-A9E5BF4CC418}
	EndGlobalSection
EndGlobal
